
Microsoft Visual Studio Solution File, Format Version 12.00
# Visual Studio 15
VisualStudioVersion = 15.0.27703.2018
MinimumVisualStudioVersion = 10.0.40219.1
Project("{2150E333-8FDC-42A3-9474-1A3956D46DE8}") = "src", "src", "{343D91DB-D27B-41C5-A524-2A6E3D659ADA}"
EndProject
Project("{2150E333-8FDC-42A3-9474-1A3956D46DE8}") = "test", "test", "{3DE49B8C-DFEA-48AC-BC2C-48FFBCE67572}"
EndProject
Project("{9A19103F-16F7-4668-BE54-9A1E7A4F7556}") = "PortfolioInsight.Domain", "src\PortfolioInsight.Domain\PortfolioInsight.Domain.csproj", "{74AAEDDB-86AC-4180-9961-9CED064BBE03}"
EndProject
Project("{9A19103F-16F7-4668-BE54-9A1E7A4F7556}") = "PortfolioInsight.Web", "src\PortfolioInsight.Web\PortfolioInsight.Web.csproj", "{38C41E88-29BE-492C-BA8B-FF5E088FAB37}"
EndProject
Project("{9A19103F-16F7-4668-BE54-9A1E7A4F7556}") = "PortfolioInsight.Sql", "src\PortfolioInsight.Sql\PortfolioInsight.Sql.csproj", "{7BAB2042-6C06-4F80-B96D-60CF00AC8F7D}"
EndProject
Project("{9A19103F-16F7-4668-BE54-9A1E7A4F7556}") = "PortfolioInsight.Autofac", "src\PortfolioInsight.Autofac\PortfolioInsight.Autofac.csproj", "{54F07DA5-8BE8-45C4-9506-0B7061F537C5}"
EndProject
Project("{9A19103F-16F7-4668-BE54-9A1E7A4F7556}") = "PortfolioInsight.Domain.Tests", "test\PortfolioInsight.Domain.Tests\PortfolioInsight.Domain.Tests.csproj", "{47F5ED4F-CE35-4F79-81F4-9050CE16AFE0}"
EndProject
Project("{9A19103F-16F7-4668-BE54-9A1E7A4F7556}") = "PortfolioInsight.Questrade", "src\PortfolioInsight.Questrade\PortfolioInsight.Questrade.csproj", "{940A4519-71EE-4E9C-9107-D177B598A7C3}"
EndProject
Project("{9A19103F-16F7-4668-BE54-9A1E7A4F7556}") = "PortfolioInsight.Questrade.Tests", "test\PortfolioInsight.Questrade.Tests\PortfolioInsight.Questrade.Tests.csproj", "{381D8735-B0A9-4759-949E-1E3A6FE97230}"
EndProject
Project("{FAE04EC0-301F-11D3-BF4B-00C04F79EFBC}") = "PortfolioInsight.ExchangeRatesApi", "src\PortfolioInsight.ExchangeRatesApi\PortfolioInsight.ExchangeRatesApi.csproj", "{2514EB7E-C5FB-4FBC-82E1-1E900CEEA6DF}"
EndProject
Global
	GlobalSection(SolutionConfigurationPlatforms) = preSolution
		Debug|Any CPU = Debug|Any CPU
		Release|Any CPU = Release|Any CPU
	EndGlobalSection
	GlobalSection(ProjectConfigurationPlatforms) = postSolution
		{74AAEDDB-86AC-4180-9961-9CED064BBE03}.Debug|Any CPU.ActiveCfg = Debug|Any CPU
		{74AAEDDB-86AC-4180-9961-9CED064BBE03}.Debug|Any CPU.Build.0 = Debug|Any CPU
		{74AAEDDB-86AC-4180-9961-9CED064BBE03}.Release|Any CPU.ActiveCfg = Release|Any CPU
		{74AAEDDB-86AC-4180-9961-9CED064BBE03}.Release|Any CPU.Build.0 = Release|Any CPU
		{38C41E88-29BE-492C-BA8B-FF5E088FAB37}.Debug|Any CPU.ActiveCfg = Debug|Any CPU
		{38C41E88-29BE-492C-BA8B-FF5E088FAB37}.Debug|Any CPU.Build.0 = Debug|Any CPU
		{38C41E88-29BE-492C-BA8B-FF5E088FAB37}.Release|Any CPU.ActiveCfg = Release|Any CPU
		{38C41E88-29BE-492C-BA8B-FF5E088FAB37}.Release|Any CPU.Build.0 = Release|Any CPU
		{7BAB2042-6C06-4F80-B96D-60CF00AC8F7D}.Debug|Any CPU.ActiveCfg = Debug|Any CPU
		{7BAB2042-6C06-4F80-B96D-60CF00AC8F7D}.Debug|Any CPU.Build.0 = Debug|Any CPU
		{7BAB2042-6C06-4F80-B96D-60CF00AC8F7D}.Release|Any CPU.ActiveCfg = Release|Any CPU
		{7BAB2042-6C06-4F80-B96D-60CF00AC8F7D}.Release|Any CPU.Build.0 = Release|Any CPU
		{54F07DA5-8BE8-45C4-9506-0B7061F537C5}.Debug|Any CPU.ActiveCfg = Debug|Any CPU
		{54F07DA5-8BE8-45C4-9506-0B7061F537C5}.Debug|Any CPU.Build.0 = Debug|Any CPU
		{54F07DA5-8BE8-45C4-9506-0B7061F537C5}.Release|Any CPU.ActiveCfg = Release|Any CPU
		{54F07DA5-8BE8-45C4-9506-0B7061F537C5}.Release|Any CPU.Build.0 = Release|Any CPU
		{47F5ED4F-CE35-4F79-81F4-9050CE16AFE0}.Debug|Any CPU.ActiveCfg = Debug|Any CPU
		{47F5ED4F-CE35-4F79-81F4-9050CE16AFE0}.Debug|Any CPU.Build.0 = Debug|Any CPU
		{47F5ED4F-CE35-4F79-81F4-9050CE16AFE0}.Release|Any CPU.ActiveCfg = Release|Any CPU
		{47F5ED4F-CE35-4F79-81F4-9050CE16AFE0}.Release|Any CPU.Build.0 = Release|Any CPU
		{940A4519-71EE-4E9C-9107-D177B598A7C3}.Debug|Any CPU.ActiveCfg = Debug|Any CPU
		{940A4519-71EE-4E9C-9107-D177B598A7C3}.Debug|Any CPU.Build.0 = Debug|Any CPU
		{940A4519-71EE-4E9C-9107-D177B598A7C3}.Release|Any CPU.ActiveCfg = Release|Any CPU
		{940A4519-71EE-4E9C-9107-D177B598A7C3}.Release|Any CPU.Build.0 = Release|Any CPU
		{381D8735-B0A9-4759-949E-1E3A6FE97230}.Debug|Any CPU.ActiveCfg = Debug|Any CPU
		{381D8735-B0A9-4759-949E-1E3A6FE97230}.Debug|Any CPU.Build.0 = Debug|Any CPU
		{381D8735-B0A9-4759-949E-1E3A6FE97230}.Release|Any CPU.ActiveCfg = Release|Any CPU
		{381D8735-B0A9-4759-949E-1E3A6FE97230}.Release|Any CPU.Build.0 = Release|Any CPU
		{2514EB7E-C5FB-4FBC-82E1-1E900CEEA6DF}.Debug|Any CPU.ActiveCfg = Debug|Any CPU
		{2514EB7E-C5FB-4FBC-82E1-1E900CEEA6DF}.Debug|Any CPU.Build.0 = Debug|Any CPU
		{2514EB7E-C5FB-4FBC-82E1-1E900CEEA6DF}.Release|Any CPU.ActiveCfg = Release|Any CPU
		{2514EB7E-C5FB-4FBC-82E1-1E900CEEA6DF}.Release|Any CPU.Build.0 = Release|Any CPU
	EndGlobalSection
	GlobalSection(SolutionProperties) = preSolution
		HideSolutionNode = FALSE
	EndGlobalSection
	GlobalSection(NestedProjects) = preSolution
		{74AAEDDB-86AC-4180-9961-9CED064BBE03} = {343D91DB-D27B-41C5-A524-2A6E3D659ADA}
		{38C41E88-29BE-492C-BA8B-FF5E088FAB37} = {343D91DB-D27B-41C5-A524-2A6E3D659ADA}
		{7BAB2042-6C06-4F80-B96D-60CF00AC8F7D} = {343D91DB-D27B-41C5-A524-2A6E3D659ADA}
		{54F07DA5-8BE8-45C4-9506-0B7061F537C5} = {343D91DB-D27B-41C5-A524-2A6E3D659ADA}
		{47F5ED4F-CE35-4F79-81F4-9050CE16AFE0} = {3DE49B8C-DFEA-48AC-BC2C-48FFBCE67572}
		{940A4519-71EE-4E9C-9107-D177B598A7C3} = {343D91DB-D27B-41C5-A524-2A6E3D659ADA}
		{381D8735-B0A9-4759-949E-1E3A6FE97230} = {3DE49B8C-DFEA-48AC-BC2C-48FFBCE67572}
		{2514EB7E-C5FB-4FBC-82E1-1E900CEEA6DF} = {343D91DB-D27B-41C5-A524-2A6E3D659ADA}
	EndGlobalSection
	GlobalSection(ExtensibilityGlobals) = postSolution
		SolutionGuid = {DD763D72-63DA-429C-94F0-FA3C4E9F14F8}
	EndGlobalSection
EndGlobal
